{
  "name": "narnia",
  "lockfileVersion": 3,
  "requires": true,
  "packages": {
    "": {
      "dependencies": {
        "consumer": "^1.2.2"
      }
    },
    "node_modules/consumer": {
      "version": "1.2.2",
      "resolved": "https://registry.npmjs.org/consumer/-/consumer-1.2.2.tgz",
      "integrity": "sha512-RSOLc745h1w0qCmPFN/iUiO0DwrueFLchIjbtxP+oOCRqcYr6rf8LPg6y0yNQ8c0gX2gSDeOq5HhNMNGr+5h/Q=="
    }
  }
}
